
Microsoft Visual Studio Solution File, Format Version 12.00
# Visual Studio 15
VisualStudioVersion = 15.0.26228.9
MinimumVisualStudioVersion = 10.0.40219.1
Project("{FAE04EC0-301F-11D3-BF4B-00C04F79EFBC}") = "Sum of Two", "Sum of Two\Sum of Two.csproj", "{0487DD1F-6472-4A37-AC03-ACC1093E2B67}"
EndProject
Project("{FAE04EC0-301F-11D3-BF4B-00C04F79EFBC}") = "Hello", "..\Hello\Hello\Hello.csproj", "{10406BF9-011B-4FEB-B6AE-8A82BF41E7AA}"
EndProject
Global
	GlobalSection(SolutionConfigurationPlatforms) = preSolution
		Debug|Any CPU = Debug|Any CPU
		Release|Any CPU = Release|Any CPU
	EndGlobalSection
	GlobalSection(ProjectConfigurationPlatforms) = postSolution
		{0487DD1F-6472-4A37-AC03-ACC1093E2B67}.Debug|Any CPU.ActiveCfg = Debug|Any CPU
		{0487DD1F-6472-4A37-AC03-ACC1093E2B67}.Debug|Any CPU.Build.0 = Debug|Any CPU
		{0487DD1F-6472-4A37-AC03-ACC1093E2B67}.Release|Any CPU.ActiveCfg = Release|Any CPU
		{0487DD1F-6472-4A37-AC03-ACC1093E2B67}.Release|Any CPU.Build.0 = Release|Any CPU
		{10406BF9-011B-4FEB-B6AE-8A82BF41E7AA}.Debug|Any CPU.ActiveCfg = Debug|Any CPU
		{10406BF9-011B-4FEB-B6AE-8A82BF41E7AA}.Debug|Any CPU.Build.0 = Debug|Any CPU
		{10406BF9-011B-4FEB-B6AE-8A82BF41E7AA}.Release|Any CPU.ActiveCfg = Release|Any CPU
		{10406BF9-011B-4FEB-B6AE-8A82BF41E7AA}.Release|Any CPU.Build.0 = Release|Any CPU
	EndGlobalSection
	GlobalSection(SolutionProperties) = preSolution
		HideSolutionNode = FALSE
	EndGlobalSection
EndGlobal
